
Microsoft Visual Studio Solution File, Format Version 12.00
# Visual Studio 15
VisualStudioVersion = 15.0.26730.16
MinimumVisualStudioVersion = 10.0.40219.1
Project("{9A19103F-16F7-4668-BE54-9A1E7A4F7556}") = "SiloHost", "SiloHost\SiloHost.csproj", "{1B186139-A229-438F-853E-0C68BF276FCC}"
EndProject
Project("{9A19103F-16F7-4668-BE54-9A1E7A4F7556}") = "CacheGrainCode", "CacheGrainImpl\CacheGrainCode.csproj", "{DC6916DD-900C-43BB-85B9-D689709021E5}"
EndProject
Project("{9A19103F-16F7-4668-BE54-9A1E7A4F7556}") = "CacheGrainInterface", "CacheGrainInter\CacheGrainInterface.csproj", "{B9021B85-7537-4901-B85A-63CD5D090614}"
EndProject
Project("{9A19103F-16F7-4668-BE54-9A1E7A4F7556}") = "SmartCacheWeb", "WebApiO\SmartCacheWeb.csproj", "{42455CE8-382C-49C9-A201-7B1087F2190F}"
EndProject
Global
	GlobalSection(SolutionConfigurationPlatforms) = preSolution
		Debug|Any CPU = Debug|Any CPU
		Release|Any CPU = Release|Any CPU
	EndGlobalSection
	GlobalSection(ProjectConfigurationPlatforms) = postSolution
		{1B186139-A229-438F-853E-0C68BF276FCC}.Debug|Any CPU.ActiveCfg = Debug|Any CPU
		{1B186139-A229-438F-853E-0C68BF276FCC}.Debug|Any CPU.Build.0 = Debug|Any CPU
		{1B186139-A229-438F-853E-0C68BF276FCC}.Release|Any CPU.ActiveCfg = Release|Any CPU
		{1B186139-A229-438F-853E-0C68BF276FCC}.Release|Any CPU.Build.0 = Release|Any CPU
		{DC6916DD-900C-43BB-85B9-D689709021E5}.Debug|Any CPU.ActiveCfg = Debug|Any CPU
		{DC6916DD-900C-43BB-85B9-D689709021E5}.Debug|Any CPU.Build.0 = Debug|Any CPU
		{DC6916DD-900C-43BB-85B9-D689709021E5}.Release|Any CPU.ActiveCfg = Release|Any CPU
		{DC6916DD-900C-43BB-85B9-D689709021E5}.Release|Any CPU.Build.0 = Release|Any CPU
		{B9021B85-7537-4901-B85A-63CD5D090614}.Debug|Any CPU.ActiveCfg = Debug|Any CPU
		{B9021B85-7537-4901-B85A-63CD5D090614}.Debug|Any CPU.Build.0 = Debug|Any CPU
		{B9021B85-7537-4901-B85A-63CD5D090614}.Release|Any CPU.ActiveCfg = Release|Any CPU
		{B9021B85-7537-4901-B85A-63CD5D090614}.Release|Any CPU.Build.0 = Release|Any CPU
		{42455CE8-382C-49C9-A201-7B1087F2190F}.Debug|Any CPU.ActiveCfg = Debug|Any CPU
		{42455CE8-382C-49C9-A201-7B1087F2190F}.Debug|Any CPU.Build.0 = Debug|Any CPU
		{42455CE8-382C-49C9-A201-7B1087F2190F}.Release|Any CPU.ActiveCfg = Release|Any CPU
		{42455CE8-382C-49C9-A201-7B1087F2190F}.Release|Any CPU.Build.0 = Release|Any CPU
	EndGlobalSection
	GlobalSection(SolutionProperties) = preSolution
		HideSolutionNode = FALSE
	EndGlobalSection
	GlobalSection(ExtensibilityGlobals) = postSolution
		SolutionGuid = {AF10C09A-435C-46D6-B9F8-14DCC3C44E96}
	EndGlobalSection
EndGlobal
